
Microsoft Visual Studio Solution File, Format Version 12.00
# Visual Studio 15
VisualStudioVersion = 15.0.26430.6
MinimumVisualStudioVersion = 10.0.40219.1
Project("{FAE04EC0-301F-11D3-BF4B-00C04F79EFBC}") = "Xrm.Deployment.Core", "Xrm.Deployment.Core\Xrm.Deployment.Core.csproj", "{7588978F-4D5B-4E21-8FE5-9F784D857DE4}"
EndProject
Project("{FAE04EC0-301F-11D3-BF4B-00C04F79EFBC}") = "Xrm.Demployment.Console", "Xrm.Demployment.Console\Xrm.Demployment.Console.csproj", "{B00E3804-1540-47C5-8178-014B57C83DE9}"
EndProject
Project("{FAE04EC0-301F-11D3-BF4B-00C04F79EFBC}") = "Xrm.ExamplePlugin", "Xrm.ExamplePlugin\Xrm.ExamplePlugin.csproj", "{BDC8A587-575F-44F6-8F7A-838795E99A16}"
EndProject
Project("{2150E333-8FDC-42A3-9474-1A3956D46DE8}") = "VSIX", "VSIX", "{191172C8-DAB4-4B6C-BC4D-F042F9488770}"
EndProject
Project("{FAE04EC0-301F-11D3-BF4B-00C04F79EFBC}") = "Xrm.Deployment.VSIX", "Xrm.Deployment.VSIX\Xrm.Deployment.VSIX.csproj", "{89769E9E-A395-4AF0-BC88-D677A6023AFE}"
EndProject
Global
	GlobalSection(CrmCodeGeneration) = preSolution
		UseSSL = False
		UseIFD = False
		UseOnline = False
		UseOffice365 = False
		ServerName = lablwdev161
		ServerPort = 5555
		HomeRealm = 
		Domain = siilabs
		WindowsAuthorization = False
		Organization = TestCRM-Organization
		IncludeEntities = pluginassembly,plugintype,sdkmessage,sdkmessagefilter,sdkmessagepair,sdkmessageprocessingstep,sdkmessageprocessingstepimage,sdkmessageprocessingstepsecureconfig,sdkmessagerequest,sdkmessagerequestfield,sdkmessageresponse,sdkmessageresponsefield
		IncludeNonStandard = False
	EndGlobalSection
	GlobalSection(SolutionConfigurationPlatforms) = preSolution
		Debug|Any CPU = Debug|Any CPU
		Release|Any CPU = Release|Any CPU
	EndGlobalSection
	GlobalSection(ProjectConfigurationPlatforms) = postSolution
		{7588978F-4D5B-4E21-8FE5-9F784D857DE4}.Debug|Any CPU.ActiveCfg = Debug|Any CPU
		{7588978F-4D5B-4E21-8FE5-9F784D857DE4}.Debug|Any CPU.Build.0 = Debug|Any CPU
		{7588978F-4D5B-4E21-8FE5-9F784D857DE4}.Release|Any CPU.ActiveCfg = Release|Any CPU
		{7588978F-4D5B-4E21-8FE5-9F784D857DE4}.Release|Any CPU.Build.0 = Release|Any CPU
		{B00E3804-1540-47C5-8178-014B57C83DE9}.Debug|Any CPU.ActiveCfg = Debug|Any CPU
		{B00E3804-1540-47C5-8178-014B57C83DE9}.Debug|Any CPU.Build.0 = Debug|Any CPU
		{B00E3804-1540-47C5-8178-014B57C83DE9}.Release|Any CPU.ActiveCfg = Release|Any CPU
		{B00E3804-1540-47C5-8178-014B57C83DE9}.Release|Any CPU.Build.0 = Release|Any CPU
		{BDC8A587-575F-44F6-8F7A-838795E99A16}.Debug|Any CPU.ActiveCfg = Debug|Any CPU
		{BDC8A587-575F-44F6-8F7A-838795E99A16}.Debug|Any CPU.Build.0 = Debug|Any CPU
		{BDC8A587-575F-44F6-8F7A-838795E99A16}.Release|Any CPU.ActiveCfg = Release|Any CPU
		{BDC8A587-575F-44F6-8F7A-838795E99A16}.Release|Any CPU.Build.0 = Release|Any CPU
		{89769E9E-A395-4AF0-BC88-D677A6023AFE}.Debug|Any CPU.ActiveCfg = Debug|Any CPU
		{89769E9E-A395-4AF0-BC88-D677A6023AFE}.Debug|Any CPU.Build.0 = Debug|Any CPU
		{89769E9E-A395-4AF0-BC88-D677A6023AFE}.Release|Any CPU.ActiveCfg = Release|Any CPU
		{89769E9E-A395-4AF0-BC88-D677A6023AFE}.Release|Any CPU.Build.0 = Release|Any CPU
	EndGlobalSection
	GlobalSection(SolutionProperties) = preSolution
		HideSolutionNode = FALSE
	EndGlobalSection
	GlobalSection(NestedProjects) = preSolution
		{89769E9E-A395-4AF0-BC88-D677A6023AFE} = {191172C8-DAB4-4B6C-BC4D-F042F9488770}
	EndGlobalSection
	GlobalSection(ExtensibilityGlobals) = postSolution
		SolutionGuid = {FB2FE199-D8C7-440C-AB59-66D5EF37B0B6}
	EndGlobalSection
EndGlobal
